// !$*UTF8*$!
{
	archiveVersion = 1;
	classes = {
	};
	objectVersion = 46;
	objects = {

/* Begin PBXBuildFile section */
		3C2BA9251D8C663500063697 /* FirstWebPageViewController.m in Sources */ = {isa = PBXBuildFile; fileRef = 3C2BA9241D8C663500063697 /* FirstWebPageViewController.m */; };
		3C2BA9281D8C674A00063697 /* SecondWebPageViewController.m in Sources */ = {isa = PBXBuildFile; fileRef = 3C2BA9271D8C674A00063697 /* SecondWebPageViewController.m */; };
		3C2BA92A1D8C774F00063697 /* Foundation.framework in Frameworks */ = {isa = PBXBuildFile; fileRef = 3C2BA9291D8C774F00063697 /* Foundation.framework */; };
		3C2BA92C1D8C775800063697 /* CoreFoundation.framework in Frameworks */ = {isa = PBXBuildFile; fileRef = 3C2BA92B1D8C775800063697 /* CoreFoundation.framework */; };
		3C5A1C791D8F38AE003EFB39 /* Mobile Portfolio website in Resources */ = {isa = PBXBuildFile; fileRef = 3C5A1C781D8F38AE003EFB39 /* Mobile Portfolio website */; };
		3CBA1E181D8C58F400F90154 /* main.m in Sources */ = {isa = PBXBuildFile; fileRef = 3CBA1E171D8C58F400F90154 /* main.m */; };
		3CBA1E1B1D8C58F400F90154 /* AppDelegate.m in Sources */ = {isa = PBXBuildFile; fileRef = 3CBA1E1A1D8C58F400F90154 /* AppDelegate.m */; };
		3CBA1E1E1D8C58F400F90154 /* ViewController.m in Sources */ = {isa = PBXBuildFile; fileRef = 3CBA1E1D1D8C58F400F90154 /* ViewController.m */; };
		3CBA1E211D8C58F400F90154 /* Main.storyboard in Resources */ = {isa = PBXBuildFile; fileRef = 3CBA1E1F1D8C58F400F90154 /* Main.storyboard */; };
		3CBA1E241D8C58F400F90154 /* portfolio.xcdatamodeld in Sources */ = {isa = PBXBuildFile; fileRef = 3CBA1E221D8C58F400F90154 /* portfolio.xcdatamodeld */; };
		3CBA1E261D8C58F400F90154 /* Assets.xcassets in Resources */ = {isa = PBXBuildFile; fileRef = 3CBA1E251D8C58F400F90154 /* Assets.xcassets */; };
		3CBA1E291D8C58F400F90154 /* LaunchScreen.storyboard in Resources */ = {isa = PBXBuildFile; fileRef = 3CBA1E271D8C58F400F90154 /* LaunchScreen.storyboard */; };
		3CBA1E341D8C58F400F90154 /* portfolioTests.m in Sources */ = {isa = PBXBuildFile; fileRef = 3CBA1E331D8C58F400F90154 /* portfolioTests.m */; };
		3CBA1E3F1D8C58F400F90154 /* portfolioUITests.m in Sources */ = {isa = PBXBuildFile; fileRef = 3CBA1E3E1D8C58F400F90154 /* portfolioUITests.m */; };
/* End PBXBuildFile section */

/* Begin PBXContainerItemProxy section */
		3CBA1E301D8C58F400F90154 /* PBXContainerItemProxy */ = {
			isa = PBXContainerItemProxy;
			containerPortal = 3CBA1E0B1D8C58F400F90154 /* Project object */;
			proxyType = 1;
			remoteGlobalIDString = 3CBA1E121D8C58F400F90154;
			remoteInfo = portfolio;
		};
		3CBA1E3B1D8C58F400F90154 /* PBXContainerItemProxy */ = {
			isa = PBXContainerItemProxy;
			containerPortal = 3CBA1E0B1D8C58F400F90154 /* Project object */;
			proxyType = 1;
			remoteGlobalIDString = 3CBA1E121D8C58F400F90154;
			remoteInfo = portfolio;
		};
/* End PBXContainerItemProxy section */

/* Begin PBXFileReference section */
		3C2BA9231D8C663500063697 /* FirstWebPageViewController.h */ = {isa = PBXFileReference; fileEncoding = 4; lastKnownFileType = sourcecode.c.h; path = FirstWebPageViewController.h; sourceTree = "<group>"; };
		3C2BA9241D8C663500063697 /* FirstWebPageViewController.m */ = {isa = PBXFileReference; fileEncoding = 4; lastKnownFileType = sourcecode.c.objc; path = FirstWebPageViewController.m; sourceTree = "<group>"; };
		3C2BA9261D8C674A00063697 /* SecondWebPageViewController.h */ = {isa = PBXFileReference; fileEncoding = 4; lastKnownFileType = sourcecode.c.h; path = SecondWebPageViewController.h; sourceTree = "<group>"; };
		3C2BA9271D8C674A00063697 /* SecondWebPageViewController.m */ = {isa = PBXFileReference; fileEncoding = 4; lastKnownFileType = sourcecode.c.objc; path = SecondWebPageViewController.m; sourceTree = "<group>"; };
		3C2BA9291D8C774F00063697 /* Foundation.framework */ = {isa = PBXFileReference; lastKnownFileType = wrapper.framework; name = Foundation.framework; path = System/Library/Frameworks/Foundation.framework; sourceTree = SDKROOT; };
		3C2BA92B1D8C775800063697 /* CoreFoundation.framework */ = {isa = PBXFileReference; lastKnownFileType = wrapper.framework; name = CoreFoundation.framework; path = System/Library/Frameworks/CoreFoundation.framework; sourceTree = SDKROOT; };
		3C5A1C781D8F38AE003EFB39 /* Mobile Portfolio website */ = {isa = PBXFileReference; lastKnownFileType = folder; path = "Mobile Portfolio website"; sourceTree = "<group>"; };
		3CBA1E131D8C58F400F90154 /* portfolio.app */ = {isa = PBXFileReference; explicitFileType = wrapper.application; includeInIndex = 0; path = portfolio.app; sourceTree = BUILT_PRODUCTS_DIR; };
		3CBA1E171D8C58F400F90154 /* main.m */ = {isa = PBXFileReference; lastKnownFileType = sourcecode.c.objc; path = main.m; sourceTree = "<group>"; };
		3CBA1E191D8C58F400F90154 /* AppDelegate.h */ = {isa = PBXFileReference; lastKnownFileType = sourcecode.c.h; path = AppDelegate.h; sourceTree = "<group>"; };
		3CBA1E1A1D8C58F400F90154 /* AppDelegate.m */ = {isa = PBXFileReference; lastKnownFileType = sourcecode.c.objc; path = AppDelegate.m; sourceTree = "<group>"; };
		3CBA1E1C1D8C58F400F90154 /* ViewController.h */ = {isa = PBXFileReference; lastKnownFileType = sourcecode.c.h; path = ViewController.h; sourceTree = "<group>"; };
		3CBA1E1D1D8C58F400F90154 /* ViewController.m */ = {isa = PBXFileReference; lastKnownFileType = sourcecode.c.objc; path = ViewController.m; sourceTree = "<group>"; };
		3CBA1E201D8C58F400F90154 /* Base */ = {isa = PBXFileReference; lastKnownFileType = file.storyboard; name = Base; path = Base.lproj/Main.storyboard; sourceTree = "<group>"; };
		3CBA1E231D8C58F400F90154 /* portfolio.xcdatamodel */ = {isa = PBXFileReference; lastKnownFileType = wrapper.xcdatamodel; path = portfolio.xcdatamodel; sourceTree = "<group>"; };
		3CBA1E251D8C58F400F90154 /* Assets.xcassets */ = {isa = PBXFileReference; lastKnownFileType = folder.assetcatalog; path = Assets.xcassets; sourceTree = "<group>"; };
		3CBA1E281D8C58F400F90154 /* Base */ = {isa = PBXFileReference; lastKnownFileType = file.storyboard; name = Base; path = Base.lproj/LaunchScreen.storyboard; sourceTree = "<group>"; };
		3CBA1E2A1D8C58F400F90154 /* Info.plist */ = {isa = PBXFileReference; lastKnownFileType = text.plist.xml; path = Info.plist; sourceTree = "<group>"; };
		3CBA1E2F1D8C58F400F90154 /* portfolioTests.xctest */ = {isa = PBXFileReference; explicitFileType = wrapper.cfbundle; includeInIndex = 0; path = portfolioTests.xctest; sourceTree = BUILT_PRODUCTS_DIR; };
		3CBA1E331D8C58F400F90154 /* portfolioTests.m */ = {isa = PBXFileReference; lastKnownFileType = sourcecode.c.objc; path = portfolioTests.m; sourceTree = "<group>"; };
		3CBA1E351D8C58F400F90154 /* Info.plist */ = {isa = PBXFileReference; lastKnownFileType = text.plist.xml; path = Info.plist; sourceTree = "<group>"; };
		3CBA1E3A1D8C58F400F90154 /* portfolioUITests.xctest */ = {isa = PBXFileReference; explicitFileType = wrapper.cfbundle; includeInIndex = 0; path = portfolioUITests.xctest; sourceTree = BUILT_PRODUCTS_DIR; };
		3CBA1E3E1D8C58F400F90154 /* portfolioUITests.m */ = {isa = PBXFileReference; lastKnownFileType = sourcecode.c.objc; path = portfolioUITests.m; sourceTree = "<group>"; };
		3CBA1E401D8C58F400F90154 /* Info.plist */ = {isa = PBXFileReference; lastKnownFileType = text.plist.xml; path = Info.plist; sourceTree = "<group>"; };
/* End PBXFileReference section */

/* Begin PBXFrameworksBuildPhase section */
		3CBA1E101D8C58F400F90154 /* Frameworks */ = {
			isa = PBXFrameworksBuildPhase;
			buildActionMask = 2147483647;
			files = (
				3C2BA92C1D8C775800063697 /* CoreFoundation.framework in Frameworks */,
				3C2BA92A1D8C774F00063697 /* Foundation.framework in Frameworks */,
			);
			runOnlyForDeploymentPostprocessing = 0;
		};
		3CBA1E2C1D8C58F400F90154 /* Frameworks */ = {
			isa = PBXFrameworksBuildPhase;
			buildActionMask = 2147483647;
			files = (
			);
			runOnlyForDeploymentPostprocessing = 0;
		};
		3CBA1E371D8C58F400F90154 /* Frameworks */ = {
			isa = PBXFrameworksBuildPhase;
			buildActionMask = 2147483647;
			files = (
			);
			runOnlyForDeploymentPostprocessing = 0;
		};
/* End PBXFrameworksBuildPhase section */

/* Begin PBXGroup section */
		3CBA1E0A1D8C58F400F90154 = {
			isa = PBXGroup;
			children = (
				3C2BA92B1D8C775800063697 /* CoreFoundation.framework */,
				3C2BA9291D8C774F00063697 /* Foundation.framework */,
				3CBA1E151D8C58F400F90154 /* portfolio */,
				3CBA1E321D8C58F400F90154 /* portfolioTests */,
				3CBA1E3D1D8C58F400F90154 /* portfolioUITests */,
				3CBA1E141D8C58F400F90154 /* Products */,
			);
			sourceTree = "<group>";
		};
		3CBA1E141D8C58F400F90154 /* Products */ = {
			isa = PBXGroup;
			children = (
				3CBA1E131D8C58F400F90154 /* portfolio.app */,
				3CBA1E2F1D8C58F400F90154 /* portfolioTests.xctest */,
				3CBA1E3A1D8C58F400F90154 /* portfolioUITests.xctest */,
			);
			name = Products;
			sourceTree = "<group>";
		};
		3CBA1E151D8C58F400F90154 /* portfolio */ = {
			isa = PBXGroup;
			children = (
				3CBA1E191D8C58F400F90154 /* AppDelegate.h */,
				3CBA1E1A1D8C58F400F90154 /* AppDelegate.m */,
				3CBA1E1C1D8C58F400F90154 /* ViewController.h */,
				3CBA1E1D1D8C58F400F90154 /* ViewController.m */,
				3CBA1E1F1D8C58F400F90154 /* Main.storyboard */,
				3C2BA9231D8C663500063697 /* FirstWebPageViewController.h */,
				3C2BA9241D8C663500063697 /* FirstWebPageViewController.m */,
				3C2BA9261D8C674A00063697 /* SecondWebPageViewController.h */,
				3C5A1C781D8F38AE003EFB39 /* Mobile Portfolio website */,
				3C2BA9271D8C674A00063697 /* SecondWebPageViewController.m */,
				3CBA1E251D8C58F400F90154 /* Assets.xcassets */,
				3CBA1E271D8C58F400F90154 /* LaunchScreen.storyboard */,
				3CBA1E2A1D8C58F400F90154 /* Info.plist */,
				3CBA1E221D8C58F400F90154 /* portfolio.xcdatamodeld */,
				3CBA1E161D8C58F400F90154 /* Supporting Files */,
			);
			path = portfolio;
			sourceTree = "<group>";
		};
		3CBA1E161D8C58F400F90154 /* Supporting Files */ = {
			isa = PBXGroup;
			children = (
				3CBA1E171D8C58F400F90154 /* main.m */,
			);
			name = "Supporting Files";
			sourceTree = "<group>";
		};
		3CBA1E321D8C58F400F90154 /* portfolioTests */ = {
			isa = PBXGroup;
			children = (
				3CBA1E331D8C58F400F90154 /* portfolioTests.m */,
				3CBA1E351D8C58F400F90154 /* Info.plist */,
			);
			path = portfolioTests;
			sourceTree = "<group>";
		};
		3CBA1E3D1D8C58F400F90154 /* portfolioUITests */ = {
			isa = PBXGroup;
			children = (
				3CBA1E3E1D8C58F400F90154 /* portfolioUITests.m */,
				3CBA1E401D8C58F400F90154 /* Info.plist */,
			);
			path = portfolioUITests;
			sourceTree = "<group>";
		};
/* End PBXGroup section */

/* Begin PBXNativeTarget section */
		3CBA1E121D8C58F400F90154 /* portfolio */ = {
			isa = PBXNativeTarget;
			buildConfigurationList = 3CBA1E431D8C58F400F90154 /* Build configuration list for PBXNativeTarget "portfolio" */;
			buildPhases = (
				3CBA1E0F1D8C58F400F90154 /* Sources */,
				3CBA1E101D8C58F400F90154 /* Frameworks */,
				3CBA1E111D8C58F400F90154 /* Resources */,
			);
			buildRules = (
			);
			dependencies = (
			);
			name = portfolio;
			productName = portfolio;
			productReference = 3CBA1E131D8C58F400F90154 /* portfolio.app */;
			productType = "com.apple.product-type.application";
		};
		3CBA1E2E1D8C58F400F90154 /* portfolioTests */ = {
			isa = PBXNativeTarget;
			buildConfigurationList = 3CBA1E461D8C58F400F90154 /* Build configuration list for PBXNativeTarget "portfolioTests" */;
			buildPhases = (
				3CBA1E2B1D8C58F400F90154 /* Sources */,
				3CBA1E2C1D8C58F400F90154 /* Frameworks */,
				3CBA1E2D1D8C58F400F90154 /* Resources */,
			);
			buildRules = (
			);
			dependencies = (
				3CBA1E311D8C58F400F90154 /* PBXTargetDependency */,
			);
			name = portfolioTests;
			productName = portfolioTests;
			productReference = 3CBA1E2F1D8C58F400F90154 /* portfolioTests.xctest */;
			productType = "com.apple.product-type.bundle.unit-test";
		};
		3CBA1E391D8C58F400F90154 /* portfolioUITests */ = {
			isa = PBXNativeTarget;
			buildConfigurationList = 3CBA1E491D8C58F400F90154 /* Build configuration list for PBXNativeTarget "portfolioUITests" */;
			buildPhases = (
				3CBA1E361D8C58F400F90154 /* Sources */,
				3CBA1E371D8C58F400F90154 /* Frameworks */,
				3CBA1E381D8C58F400F90154 /* Resources */,
			);
			buildRules = (
			);
			dependencies = (
				3CBA1E3C1D8C58F400F90154 /* PBXTargetDependency */,
			);
			name = portfolioUITests;
			productName = portfolioUITests;
			productReference = 3CBA1E3A1D8C58F400F90154 /* portfolioUITests.xctest */;
			productType = "com.apple.product-type.bundle.ui-testing";
		};
/* End PBXNativeTarget section */

/* Begin PBXProject section */
		3CBA1E0B1D8C58F400F90154 /* Project object */ = {
			isa = PBXProject;
			attributes = {
				LastUpgradeCheck = 0730;
				ORGANIZATIONNAME = "iOS Developer";
				TargetAttributes = {
					3CBA1E121D8C58F400F90154 = {
						CreatedOnToolsVersion = 7.3.1;
						DevelopmentTeam = HBF3V7534S;
					};
					3CBA1E2E1D8C58F400F90154 = {
						CreatedOnToolsVersion = 7.3.1;
						DevelopmentTeam = HBF3V7534S;
						TestTargetID = 3CBA1E121D8C58F400F90154;
					};
					3CBA1E391D8C58F400F90154 = {
						CreatedOnToolsVersion = 7.3.1;
						DevelopmentTeam = HBF3V7534S;
						TestTargetID = 3CBA1E121D8C58F400F90154;
					};
				};
			};
			buildConfigurationList = 3CBA1E0E1D8C58F400F90154 /* Build configuration list for PBXProject "portfolio" */;
			compatibilityVersion = "Xcode 3.2";
			developmentRegion = English;
			hasScannedForEncodings = 0;
			knownRegions = (
				en,
				Base,
			);
			mainGroup = 3CBA1E0A1D8C58F400F90154;
			productRefGroup = 3CBA1E141D8C58F400F90154 /* Products */;
			projectDirPath = "";
			projectRoot = "";
			targets = (
				3CBA1E121D8C58F400F90154 /* portfolio */,
				3CBA1E2E1D8C58F400F90154 /* portfolioTests */,
				3CBA1E391D8C58F400F90154 /* portfolioUITests */,
			);
		};
/* End PBXProject section */

/* Begin PBXResourcesBuildPhase section */
		3CBA1E111D8C58F400F90154 /* Resources */ = {
			isa = PBXResourcesBuildPhase;
			buildActionMask = 2147483647;
			files = (
				3CBA1E291D8C58F400F90154 /* LaunchScreen.storyboard in Resources */,
				3C5A1C791D8F38AE003EFB39 /* Mobile Portfolio website in Resources */,
				3CBA1E261D8C58F400F90154 /* Assets.xcassets in Resources */,
				3CBA1E211D8C58F400F90154 /* Main.storyboard in Resources */,
			);
			runOnlyForDeploymentPostprocessing = 0;
		};
		3CBA1E2D1D8C58F400F90154 /* Resources */ = {
			isa = PBXResourcesBuildPhase;
			buildActionMask = 2147483647;
			files = (
			);
			runOnlyForDeploymentPostprocessing = 0;
		};
		3CBA1E381D8C58F400F90154 /* Resources */ = {
			isa = PBXResourcesBuildPhase;
			buildActionMask = 2147483647;
			files = (
			);
			runOnlyForDeploymentPostprocessing = 0;
		};
/* End PBXResourcesBuildPhase section */

/* Begin PBXSourcesBuildPhase section */
		3CBA1E0F1D8C58F400F90154 /* Sources */ = {
			isa = PBXSourcesBuildPhase;
			buildActionMask = 2147483647;
			files = (
				3CBA1E241D8C58F400F90154 /* portfolio.xcdatamodeld in Sources */,
				3C2BA9251D8C663500063697 /* FirstWebPageViewController.m in Sources */,
				3CBA1E1E1D8C58F400F90154 /* ViewController.m in Sources */,
				3CBA1E1B1D8C58F400F90154 /* AppDelegate.m in Sources */,
				3C2BA9281D8C674A00063697 /* SecondWebPageViewController.m in Sources */,
				3CBA1E181D8C58F400F90154 /* main.m in Sources */,
			);
			runOnlyForDeploymentPostprocessing = 0;
		};
		3CBA1E2B1D8C58F400F90154 /* Sources */ = {
			isa = PBXSourcesBuildPhase;
			buildActionMask = 2147483647;
			files = (
				3CBA1E341D8C58F400F90154 /* portfolioTests.m in Sources */,
			);
			runOnlyForDeploymentPostprocessing = 0;
		};
		3CBA1E361D8C58F400F90154 /* Sources */ = {
			isa = PBXSourcesBuildPhase;
			buildActionMask = 2147483647;
			files = (
				3CBA1E3F1D8C58F400F90154 /* portfolioUITests.m in Sources */,
			);
			runOnlyForDeploymentPostprocessing = 0;
		};
/* End PBXSourcesBuildPhase section */

/* Begin PBXTargetDependency section */
		3CBA1E311D8C58F400F90154 /* PBXTargetDependency */ = {
			isa = PBXTargetDependency;
			target = 3CBA1E121D8C58F400F90154 /* portfolio */;
			targetProxy = 3CBA1E301D8C58F400F90154 /* PBXContainerItemProxy */;
		};
		3CBA1E3C1D8C58F400F90154 /* PBXTargetDependency */ = {
			isa = PBXTargetDependency;
			target = 3CBA1E121D8C58F400F90154 /* portfolio */;
			targetProxy = 3CBA1E3B1D8C58F400F90154 /* PBXContainerItemProxy */;
		};
/* End PBXTargetDependency section */

/* Begin PBXVariantGroup section */
		3CBA1E1F1D8C58F400F90154 /* Main.storyboard */ = {
			isa = PBXVariantGroup;
			children = (
				3CBA1E201D8C58F400F90154 /* Base */,
			);
			name = Main.storyboard;
			sourceTree = "<group>";
		};
		3CBA1E271D8C58F400F90154 /* LaunchScreen.storyboard */ = {
			isa = PBXVariantGroup;
			children = (
				3CBA1E281D8C58F400F90154 /* Base */,
			);
			name = LaunchScreen.storyboard;
			sourceTree = "<group>";
		};
/* End PBXVariantGroup section */

/* Begin XCBuildConfiguration section */
		3CBA1E411D8C58F400F90154 /* Debug */ = {
			isa = XCBuildConfiguration;
			buildSettings = {
				ALWAYS_SEARCH_USER_PATHS = NO;
				CLANG_ANALYZER_NONNULL = YES;
				CLANG_CXX_LANGUAGE_STANDARD = "gnu++0x";
				CLANG_CXX_LIBRARY = "libc++";
				CLANG_ENABLE_MODULES = YES;
				CLANG_ENABLE_OBJC_ARC = YES;
				CLANG_WARN_BOOL_CONVERSION = YES;
				CLANG_WARN_CONSTANT_CONVERSION = YES;
				CLANG_WARN_DIRECT_OBJC_ISA_USAGE = YES_ERROR;
				CLANG_WARN_EMPTY_BODY = YES;
				CLANG_WARN_ENUM_CONVERSION = YES;
				CLANG_WARN_INT_CONVERSION = YES;
				CLANG_WARN_OBJC_ROOT_CLASS = YES_ERROR;
				CLANG_WARN_UNREACHABLE_CODE = YES;
				CLANG_WARN__DUPLICATE_METHOD_MATCH = YES;
				"CODE_SIGN_IDENTITY[sdk=iphoneos*]" = "iPhone Developer";
				COPY_PHASE_STRIP = NO;
				DEBUG_INFORMATION_FORMAT = dwarf;
				ENABLE_STRICT_OBJC_MSGSEND = YES;
				ENABLE_TESTABILITY = YES;
				GCC_C_LANGUAGE_STANDARD = gnu99;
				GCC_DYNAMIC_NO_PIC = NO;
				GCC_NO_COMMON_BLOCKS = YES;
				GCC_OPTIMIZATION_LEVEL = 0;
				GCC_PREPROCESSOR_DEFINITIONS = (
					"DEBUG=1",
					"$(inherited)",
				);
				GCC_WARN_64_TO_32_BIT_CONVERSION = YES;
				GCC_WARN_ABOUT_RETURN_TYPE = YES_ERROR;
				GCC_WARN_UNDECLARED_SELECTOR = YES;
				GCC_WARN_UNINITIALIZED_AUTOS = YES_AGGRESSIVE;
				GCC_WARN_UNUSED_FUNCTION = YES;
				GCC_WARN_UNUSED_VARIABLE = YES;
				IPHONEOS_DEPLOYMENT_TARGET = 9.3;
				MTL_ENABLE_DEBUG_INFO = YES;
				ONLY_ACTIVE_ARCH = YES;
				SDKROOT = iphoneos;
				TARGETED_DEVICE_FAMILY = "1,2";
			};
			name = Debug;
		};
		3CBA1E421D8C58F400F90154 /* Release */ = {
			isa = XCBuildConfiguration;
			buildSettings = {
				ALWAYS_SEARCH_USER_PATHS = NO;
				CLANG_ANALYZER_NONNULL = YES;
				CLANG_CXX_LANGUAGE_STANDARD = "gnu++0x";
				CLANG_CXX_LIBRARY = "libc++";
				CLANG_ENABLE_MODULES = YES;
				CLANG_ENABLE_OBJC_ARC = YES;
				CLANG_WARN_BOOL_CONVERSION = YES;
				CLANG_WARN_CONSTANT_CONVERSION = YES;
				CLANG_WARN_DIRECT_OBJC_ISA_USAGE = YES_ERROR;
				CLANG_WARN_EMPTY_BODY = YES;
				CLANG_WARN_ENUM_CONVERSION = YES;
				CLANG_WARN_INT_CONVERSION = YES;
				CLANG_WARN_OBJC_ROOT_CLASS = YES_ERROR;
				CLANG_WARN_UNREACHABLE_CODE = YES;
				CLANG_WARN__DUPLICATE_METHOD_MATCH = YES;
				"CODE_SIGN_IDENTITY[sdk=iphoneos*]" = "iPhone Developer";
				COPY_PHASE_STRIP = NO;
				DEBUG_INFORMATION_FORMAT = "dwarf-with-dsym";
				ENABLE_NS_ASSERTIONS = NO;
				ENABLE_STRICT_OBJC_MSGSEND = YES;
				GCC_C_LANGUAGE_STANDARD = gnu99;
				GCC_NO_COMMON_BLOCKS = YES;
				GCC_WARN_64_TO_32_BIT_CONVERSION = YES;
				GCC_WARN_ABOUT_RETURN_TYPE = YES_ERROR;
				GCC_WARN_UNDECLARED_SELECTOR = YES;
				GCC_WARN_UNINITIALIZED_AUTOS = YES_AGGRESSIVE;
				GCC_WARN_UNUSED_FUNCTION = YES;
				GCC_WARN_UNUSED_VARIABLE = YES;
				IPHONEOS_DEPLOYMENT_TARGET = 9.3;
				MTL_ENABLE_DEBUG_INFO = NO;
				SDKROOT = iphoneos;
				TARGETED_DEVICE_FAMILY = "1,2";
				VALIDATE_PRODUCT = YES;
			};
			name = Release;
		};
		3CBA1E441D8C58F400F90154 /* Debug */ = {
			isa = XCBuildConfiguration;
			buildSettings = {
				ASSETCATALOG_COMPILER_APPICON_NAME = AppIcon;
				CODE_SIGN_IDENTITY = "iPhone Developer";
				INFOPLIST_FILE = portfolio/Info.plist;
				LD_RUNPATH_SEARCH_PATHS = "$(inherited) @executable_path/Frameworks";
				PRODUCT_BUNDLE_IDENTIFIER = "iOS-Developer.portfolio";
				PRODUCT_NAME = "$(TARGET_NAME)";
			};
			name = Debug;
		};
		3CBA1E451D8C58F400F90154 /* Release */ = {
			isa = XCBuildConfiguration;
			buildSettings = {
				ASSETCATALOG_COMPILER_APPICON_NAME = AppIcon;
				CODE_SIGN_IDENTITY = "iPhone Developer";
				INFOPLIST_FILE = portfolio/Info.plist;
				LD_RUNPATH_SEARCH_PATHS = "$(inherited) @executable_path/Frameworks";
				PRODUCT_BUNDLE_IDENTIFIER = "iOS-Developer.portfolio";
				PRODUCT_NAME = "$(TARGET_NAME)";
			};
			name = Release;
		};
		3CBA1E471D8C58F400F90154 /* Debug */ = {
			isa = XCBuildConfiguration;
			buildSettings = {
				BUNDLE_LOADER = "$(TEST_HOST)";
				INFOPLIST_FILE = portfolioTests/Info.plist;
				LD_RUNPATH_SEARCH_PATHS = "$(inherited) @executable_path/Frameworks @loader_path/Frameworks";
				PRODUCT_BUNDLE_IDENTIFIER = "iOS-Developer.portfolioTests";
				PRODUCT_NAME = "$(TARGET_NAME)";
				TEST_HOST = "$(BUILT_PRODUCTS_DIR)/portfolio.app/portfolio";
			};
			name = Debug;
		};
		3CBA1E481D8C58F400F90154 /* Release */ = {
			isa = XCBuildConfiguration;
			buildSettings = {
				BUNDLE_LOADER = "$(TEST_HOST)";
				INFOPLIST_FILE = portfolioTests/Info.plist;
				LD_RUNPATH_SEARCH_PATHS = "$(inherited) @executable_path/Frameworks @loader_path/Frameworks";
				PRODUCT_BUNDLE_IDENTIFIER = "iOS-Developer.portfolioTests";
				PRODUCT_NAME = "$(TARGET_NAME)";
				TEST_HOST = "$(BUILT_PRODUCTS_DIR)/portfolio.app/portfolio";
			};
			name = Release;
		};
		3CBA1E4A1D8C58F400F90154 /* Debug */ = {
			isa = XCBuildConfiguration;
			buildSettings = {
				INFOPLIST_FILE = portfolioUITests/Info.plist;
				LD_RUNPATH_SEARCH_PATHS = "$(inherited) @executable_path/Frameworks @loader_path/Frameworks";
				PRODUCT_BUNDLE_IDENTIFIER = "iOS-Developer.portfolioUITests";
				PRODUCT_NAME = "$(TARGET_NAME)";
				TEST_TARGET_NAME = portfolio;
			};
			name = Debug;
		};
		3CBA1E4B1D8C58F400F90154 /* Release */ = {
			isa = XCBuildConfiguration;
			buildSettings = {
				INFOPLIST_FILE = portfolioUITests/Info.plist;
				LD_RUNPATH_SEARCH_PATHS = "$(inherited) @executable_path/Frameworks @loader_path/Frameworks";
				PRODUCT_BUNDLE_IDENTIFIER = "iOS-Developer.portfolioUITests";
				PRODUCT_NAME = "$(TARGET_NAME)";
				TEST_TARGET_NAME = portfolio;
			};
			name = Release;
		};
/* End XCBuildConfiguration section */

/* Begin XCConfigurationList section */
		3CBA1E0E1D8C58F400F90154 /* Build configuration list for PBXProject "portfolio" */ = {
			isa = XCConfigurationList;
			buildConfigurations = (
				3CBA1E411D8C58F400F90154 /* Debug */,
				3CBA1E421D8C58F400F90154 /* Release */,
			);
			defaultConfigurationIsVisible = 0;
			defaultConfigurationName = Release;
		};
		3CBA1E431D8C58F400F90154 /* Build configuration list for PBXNativeTarget "portfolio" */ = {
			isa = XCConfigurationList;
			buildConfigurations = (
				3CBA1E441D8C58F400F90154 /* Debug */,
				3CBA1E451D8C58F400F90154 /* Release */,
			);
			defaultConfigurationIsVisible = 0;
			defaultConfigurationName = Release;
		};
		3CBA1E461D8C58F400F90154 /* Build configuration list for PBXNativeTarget "portfolioTests" */ = {
			isa = XCConfigurationList;
			buildConfigurations = (
				3CBA1E471D8C58F400F90154 /* Debug */,
				3CBA1E481D8C58F400F90154 /* Release */,
			);
			defaultConfigurationIsVisible = 0;
			defaultConfigurationName = Release;
		};
		3CBA1E491D8C58F400F90154 /* Build configuration list for PBXNativeTarget "portfolioUITests" */ = {
			isa = XCConfigurationList;
			buildConfigurations = (
				3CBA1E4A1D8C58F400F90154 /* Debug */,
				3CBA1E4B1D8C58F400F90154 /* Release */,
			);
			defaultConfigurationIsVisible = 0;
			defaultConfigurationName = Release;
		};
/* End XCConfigurationList section */

/* Begin XCVersionGroup section */
		3CBA1E221D8C58F400F90154 /* portfolio.xcdatamodeld */ = {
			isa = XCVersionGroup;
			children = (
				3CBA1E231D8C58F400F90154 /* portfolio.xcdatamodel */,
			);
			currentVersion = 3CBA1E231D8C58F400F90154 /* portfolio.xcdatamodel */;
			path = portfolio.xcdatamodeld;
			sourceTree = "<group>";
			versionGroupType = wrapper.xcdatamodel;
		};
/* End XCVersionGroup section */
	};
	rootObject = 3CBA1E0B1D8C58F400F90154 /* Project object */;
}
